
Microsoft Visual Studio Solution File, Format Version 12.00
# Visual Studio Version 17
VisualStudioVersion = 17.8.34322.80
MinimumVisualStudioVersion = 10.0.40219.1
Project("{FAE04EC0-301F-11D3-BF4B-00C04F79EFBC}") = "CarFactory", "CarFactory.csproj", "{7F381935-AC1C-411E-BB17-338FAF8B0510}"
EndProject
Global
	GlobalSection(SolutionConfigurationPlatforms) = preSolution
		Debug|Any CPU = Debug|Any CPU
		Release|Any CPU = Release|Any CPU
	EndGlobalSection
	GlobalSection(ProjectConfigurationPlatforms) = postSolution
		{7F381935-AC1C-411E-BB17-338FAF8B0510}.Debug|Any CPU.ActiveCfg = Debug|Any CPU
		{7F381935-AC1C-411E-BB17-338FAF8B0510}.Debug|Any CPU.Build.0 = Debug|Any CPU
		{7F381935-AC1C-411E-BB17-338FAF8B0510}.Release|Any CPU.ActiveCfg = Release|Any CPU
		{7F381935-AC1C-411E-BB17-338FAF8B0510}.Release|Any CPU.Build.0 = Release|Any CPU
	EndGlobalSection
	GlobalSection(SolutionProperties) = preSolution
		HideSolutionNode = FALSE
	EndGlobalSection
	GlobalSection(ExtensibilityGlobals) = postSolution
		SolutionGuid = {069B037F-2F97-4E4F-97E1-793665D31140}
	EndGlobalSection
EndGlobal
